// !$*UTF8*$!
{
	archiveVersion = 1;
	classes = {
	};
	objectVersion = 55;
	objects = {

/* Begin PBXBuildFile section */
		CA8D5EA627AD859800E10384 /* ScrumdingerApp.swift in Sources */ = {isa = PBXBuildFile; fileRef = CA8D5EA527AD859800E10384 /* ScrumdingerApp.swift */; };
		CA8D5EA827AD859800E10384 /* MeetingView.swift in Sources */ = {isa = PBXBuildFile; fileRef = CA8D5EA727AD859800E10384 /* MeetingView.swift */; };
		CA8D5EAA27AD859900E10384 /* Assets.xcassets in Resources */ = {isa = PBXBuildFile; fileRef = CA8D5EA927AD859900E10384 /* Assets.xcassets */; };
		CA8D5EAD27AD859900E10384 /* Preview Assets.xcassets in Resources */ = {isa = PBXBuildFile; fileRef = CA8D5EAC27AD859900E10384 /* Preview Assets.xcassets */; };
		CA8D5EB527AD8E0000E10384 /* Theme.swift in Sources */ = {isa = PBXBuildFile; fileRef = CA8D5EB427AD8E0000E10384 /* Theme.swift */; };
		CA8D5EB727AD901800E10384 /* DalyScrum.swift in Sources */ = {isa = PBXBuildFile; fileRef = CA8D5EB627AD901800E10384 /* DalyScrum.swift */; };
		CA8D5EB927AE354600E10384 /* CardView.swift in Sources */ = {isa = PBXBuildFile; fileRef = CA8D5EB827AE354600E10384 /* CardView.swift */; };
		CA8D5EBB27AE38BA00E10384 /* TrailingIconLabelStyle.swift in Sources */ = {isa = PBXBuildFile; fileRef = CA8D5EBA27AE38BA00E10384 /* TrailingIconLabelStyle.swift */; };
		CA8D5EBD27AE3D5C00E10384 /* ScrumsView.swift in Sources */ = {isa = PBXBuildFile; fileRef = CA8D5EBC27AE3D5C00E10384 /* ScrumsView.swift */; };
		CA8D5EBF27AEA8BF00E10384 /* DetailView.swift in Sources */ = {isa = PBXBuildFile; fileRef = CA8D5EBE27AEA8BF00E10384 /* DetailView.swift */; };
		CA8D5EC127AEBED200E10384 /* DetailEditView.swift in Sources */ = {isa = PBXBuildFile; fileRef = CA8D5EC027AEBED200E10384 /* DetailEditView.swift */; };
		CA8D5EC327AECDEB00E10384 /* ThemeView.swift in Sources */ = {isa = PBXBuildFile; fileRef = CA8D5EC227AECDEB00E10384 /* ThemeView.swift */; };
		CA8D5EC527AED2FA00E10384 /* ThemePicker.swift in Sources */ = {isa = PBXBuildFile; fileRef = CA8D5EC427AED2FA00E10384 /* ThemePicker.swift */; };
		CA8D5EC727B1344C00E10384 /* MeetingHeaderView.swift in Sources */ = {isa = PBXBuildFile; fileRef = CA8D5EC627B1344C00E10384 /* MeetingHeaderView.swift */; };
		CA8D5EC927B1411A00E10384 /* ScrumProgressViewStyle.swift in Sources */ = {isa = PBXBuildFile; fileRef = CA8D5EC827B1411A00E10384 /* ScrumProgressViewStyle.swift */; };
		CA8D5ECB27B7744D00E10384 /* ScrumTimer.swift in Sources */ = {isa = PBXBuildFile; fileRef = CA8D5ECA27B7744C00E10384 /* ScrumTimer.swift */; };
		CA8D5ECD27B7854C00E10384 /* MeetingFooterView.swift in Sources */ = {isa = PBXBuildFile; fileRef = CA8D5ECC27B7854C00E10384 /* MeetingFooterView.swift */; };
		CA8D5ED127B7978100E10384 /* History.swift in Sources */ = {isa = PBXBuildFile; fileRef = CA8D5ED027B7978100E10384 /* History.swift */; };
/* End PBXBuildFile section */

/* Begin PBXFileReference section */
		CA8D5EA227AD859800E10384 /* Scrumdinger.app */ = {isa = PBXFileReference; explicitFileType = wrapper.application; includeInIndex = 0; path = Scrumdinger.app; sourceTree = BUILT_PRODUCTS_DIR; };
		CA8D5EA527AD859800E10384 /* ScrumdingerApp.swift */ = {isa = PBXFileReference; lastKnownFileType = sourcecode.swift; path = ScrumdingerApp.swift; sourceTree = "<group>"; };
		CA8D5EA727AD859800E10384 /* MeetingView.swift */ = {isa = PBXFileReference; lastKnownFileType = sourcecode.swift; path = MeetingView.swift; sourceTree = "<group>"; };
		CA8D5EA927AD859900E10384 /* Assets.xcassets */ = {isa = PBXFileReference; lastKnownFileType = folder.assetcatalog; path = Assets.xcassets; sourceTree = "<group>"; };
		CA8D5EAC27AD859900E10384 /* Preview Assets.xcassets */ = {isa = PBXFileReference; lastKnownFileType = folder.assetcatalog; path = "Preview Assets.xcassets"; sourceTree = "<group>"; };
		CA8D5EB427AD8E0000E10384 /* Theme.swift */ = {isa = PBXFileReference; lastKnownFileType = sourcecode.swift; path = Theme.swift; sourceTree = "<group>"; };
		CA8D5EB627AD901800E10384 /* DalyScrum.swift */ = {isa = PBXFileReference; lastKnownFileType = sourcecode.swift; path = DalyScrum.swift; sourceTree = "<group>"; };
		CA8D5EB827AE354600E10384 /* CardView.swift */ = {isa = PBXFileReference; lastKnownFileType = sourcecode.swift; path = CardView.swift; sourceTree = "<group>"; };
		CA8D5EBA27AE38BA00E10384 /* TrailingIconLabelStyle.swift */ = {isa = PBXFileReference; lastKnownFileType = sourcecode.swift; path = TrailingIconLabelStyle.swift; sourceTree = "<group>"; };
		CA8D5EBC27AE3D5C00E10384 /* ScrumsView.swift */ = {isa = PBXFileReference; lastKnownFileType = sourcecode.swift; path = ScrumsView.swift; sourceTree = "<group>"; };
		CA8D5EBE27AEA8BF00E10384 /* DetailView.swift */ = {isa = PBXFileReference; lastKnownFileType = sourcecode.swift; path = DetailView.swift; sourceTree = "<group>"; };
		CA8D5EC027AEBED200E10384 /* DetailEditView.swift */ = {isa = PBXFileReference; lastKnownFileType = sourcecode.swift; path = DetailEditView.swift; sourceTree = "<group>"; };
		CA8D5EC227AECDEB00E10384 /* ThemeView.swift */ = {isa = PBXFileReference; lastKnownFileType = sourcecode.swift; path = ThemeView.swift; sourceTree = "<group>"; };
		CA8D5EC427AED2FA00E10384 /* ThemePicker.swift */ = {isa = PBXFileReference; lastKnownFileType = sourcecode.swift; path = ThemePicker.swift; sourceTree = "<group>"; };
		CA8D5EC627B1344C00E10384 /* MeetingHeaderView.swift */ = {isa = PBXFileReference; lastKnownFileType = sourcecode.swift; path = MeetingHeaderView.swift; sourceTree = "<group>"; };
		CA8D5EC827B1411A00E10384 /* ScrumProgressViewStyle.swift */ = {isa = PBXFileReference; lastKnownFileType = sourcecode.swift; path = ScrumProgressViewStyle.swift; sourceTree = "<group>"; };
		CA8D5ECA27B7744C00E10384 /* ScrumTimer.swift */ = {isa = PBXFileReference; lastKnownFileType = sourcecode.swift; path = ScrumTimer.swift; sourceTree = "<group>"; };
		CA8D5ECC27B7854C00E10384 /* MeetingFooterView.swift */ = {isa = PBXFileReference; lastKnownFileType = sourcecode.swift; path = MeetingFooterView.swift; sourceTree = "<group>"; };
		CA8D5ED027B7978100E10384 /* History.swift */ = {isa = PBXFileReference; lastKnownFileType = sourcecode.swift; path = History.swift; sourceTree = "<group>"; };
/* End PBXFileReference section */

/* Begin PBXFrameworksBuildPhase section */
		CA8D5E9F27AD859800E10384 /* Frameworks */ = {
			isa = PBXFrameworksBuildPhase;
			buildActionMask = 2147483647;
			files = (
			);
			runOnlyForDeploymentPostprocessing = 0;
		};
/* End PBXFrameworksBuildPhase section */

/* Begin PBXGroup section */
		CA8D5E9927AD859800E10384 = {
			isa = PBXGroup;
			children = (
				CA8D5EA427AD859800E10384 /* Scrumdinger */,
				CA8D5EA327AD859800E10384 /* Products */,
			);
			sourceTree = "<group>";
		};
		CA8D5EA327AD859800E10384 /* Products */ = {
			isa = PBXGroup;
			children = (
				CA8D5EA227AD859800E10384 /* Scrumdinger.app */,
			);
			name = Products;
			sourceTree = "<group>";
		};
		CA8D5EA427AD859800E10384 /* Scrumdinger */ = {
			isa = PBXGroup;
			children = (
				CA8D5EB327AD8DE000E10384 /* Models */,
				CA8D5EA527AD859800E10384 /* ScrumdingerApp.swift */,
				CA8D5EB827AE354600E10384 /* CardView.swift */,
				CA8D5EA727AD859800E10384 /* MeetingView.swift */,
				CA8D5ECC27B7854C00E10384 /* MeetingFooterView.swift */,
				CA8D5EC627B1344C00E10384 /* MeetingHeaderView.swift */,
				CA8D5EC827B1411A00E10384 /* ScrumProgressViewStyle.swift */,
				CA8D5EBE27AEA8BF00E10384 /* DetailView.swift */,
				CA8D5EBC27AE3D5C00E10384 /* ScrumsView.swift */,
				CA8D5EC027AEBED200E10384 /* DetailEditView.swift */,
				CA8D5EC227AECDEB00E10384 /* ThemeView.swift */,
				CA8D5EC427AED2FA00E10384 /* ThemePicker.swift */,
				CA8D5EBA27AE38BA00E10384 /* TrailingIconLabelStyle.swift */,
				CA8D5EA927AD859900E10384 /* Assets.xcassets */,
				CA8D5EAB27AD859900E10384 /* Preview Content */,
			);
			path = Scrumdinger;
			sourceTree = "<group>";
		};
		CA8D5EAB27AD859900E10384 /* Preview Content */ = {
			isa = PBXGroup;
			children = (
				CA8D5EAC27AD859900E10384 /* Preview Assets.xcassets */,
			);
			path = "Preview Content";
			sourceTree = "<group>";
		};
		CA8D5EB327AD8DE000E10384 /* Models */ = {
			isa = PBXGroup;
			children = (
				CA8D5EB427AD8E0000E10384 /* Theme.swift */,
				CA8D5EB627AD901800E10384 /* DalyScrum.swift */,
				CA8D5ECA27B7744C00E10384 /* ScrumTimer.swift */,
				CA8D5ED027B7978100E10384 /* History.swift */,
			);
			path = Models;
			sourceTree = "<group>";
		};
/* End PBXGroup section */

/* Begin PBXNativeTarget section */
		CA8D5EA127AD859800E10384 /* Scrumdinger */ = {
			isa = PBXNativeTarget;
			buildConfigurationList = CA8D5EB027AD859900E10384 /* Build configuration list for PBXNativeTarget "Scrumdinger" */;
			buildPhases = (
				CA8D5E9E27AD859800E10384 /* Sources */,
				CA8D5E9F27AD859800E10384 /* Frameworks */,
				CA8D5EA027AD859800E10384 /* Resources */,
			);
			buildRules = (
			);
			dependencies = (
			);
			name = Scrumdinger;
			productName = Scrumdinger;
			productReference = CA8D5EA227AD859800E10384 /* Scrumdinger.app */;
			productType = "com.apple.product-type.application";
		};
/* End PBXNativeTarget section */

/* Begin PBXProject section */
		CA8D5E9A27AD859800E10384 /* Project object */ = {
			isa = PBXProject;
			attributes = {
				BuildIndependentTargetsInParallel = 1;
				LastSwiftUpdateCheck = 1320;
				LastUpgradeCheck = 1320;
				TargetAttributes = {
					CA8D5EA127AD859800E10384 = {
						CreatedOnToolsVersion = 13.2.1;
					};
				};
			};
			buildConfigurationList = CA8D5E9D27AD859800E10384 /* Build configuration list for PBXProject "Scrumdinger" */;
			compatibilityVersion = "Xcode 13.0";
			developmentRegion = en;
			hasScannedForEncodings = 0;
			knownRegions = (
				en,
				Base,
			);
			mainGroup = CA8D5E9927AD859800E10384;
			productRefGroup = CA8D5EA327AD859800E10384 /* Products */;
			projectDirPath = "";
			projectRoot = "";
			targets = (
				CA8D5EA127AD859800E10384 /* Scrumdinger */,
			);
		};
/* End PBXProject section */

/* Begin PBXResourcesBuildPhase section */
		CA8D5EA027AD859800E10384 /* Resources */ = {
			isa = PBXResourcesBuildPhase;
			buildActionMask = 2147483647;
			files = (
				CA8D5EAD27AD859900E10384 /* Preview Assets.xcassets in Resources */,
				CA8D5EAA27AD859900E10384 /* Assets.xcassets in Resources */,
			);
			runOnlyForDeploymentPostprocessing = 0;
		};
/* End PBXResourcesBuildPhase section */

/* Begin PBXSourcesBuildPhase section */
		CA8D5E9E27AD859800E10384 /* Sources */ = {
			isa = PBXSourcesBuildPhase;
			buildActionMask = 2147483647;
			files = (
				CA8D5EC527AED2FA00E10384 /* ThemePicker.swift in Sources */,
				CA8D5EC927B1411A00E10384 /* ScrumProgressViewStyle.swift in Sources */,
				CA8D5ECD27B7854C00E10384 /* MeetingFooterView.swift in Sources */,
				CA8D5ECB27B7744D00E10384 /* ScrumTimer.swift in Sources */,
				CA8D5EB527AD8E0000E10384 /* Theme.swift in Sources */,
				CA8D5EBF27AEA8BF00E10384 /* DetailView.swift in Sources */,
				CA8D5EC727B1344C00E10384 /* MeetingHeaderView.swift in Sources */,
				CA8D5EC127AEBED200E10384 /* DetailEditView.swift in Sources */,
				CA8D5EBB27AE38BA00E10384 /* TrailingIconLabelStyle.swift in Sources */,
				CA8D5EA827AD859800E10384 /* MeetingView.swift in Sources */,
				CA8D5ED127B7978100E10384 /* History.swift in Sources */,
				CA8D5EBD27AE3D5C00E10384 /* ScrumsView.swift in Sources */,
				CA8D5EB727AD901800E10384 /* DalyScrum.swift in Sources */,
				CA8D5EA627AD859800E10384 /* ScrumdingerApp.swift in Sources */,
				CA8D5EC327AECDEB00E10384 /* ThemeView.swift in Sources */,
				CA8D5EB927AE354600E10384 /* CardView.swift in Sources */,
			);
			runOnlyForDeploymentPostprocessing = 0;
		};
/* End PBXSourcesBuildPhase section */

/* Begin XCBuildConfiguration section */
		CA8D5EAE27AD859900E10384 /* Debug */ = {
			isa = XCBuildConfiguration;
			buildSettings = {
				ALWAYS_SEARCH_USER_PATHS = NO;
				CLANG_ANALYZER_NONNULL = YES;
				CLANG_ANALYZER_NUMBER_OBJECT_CONVERSION = YES_AGGRESSIVE;
				CLANG_CXX_LANGUAGE_STANDARD = "gnu++17";
				CLANG_CXX_LIBRARY = "libc++";
				CLANG_ENABLE_MODULES = YES;
				CLANG_ENABLE_OBJC_ARC = YES;
				CLANG_ENABLE_OBJC_WEAK = YES;
				CLANG_WARN_BLOCK_CAPTURE_AUTORELEASING = YES;
				CLANG_WARN_BOOL_CONVERSION = YES;
				CLANG_WARN_COMMA = YES;
				CLANG_WARN_CONSTANT_CONVERSION = YES;
				CLANG_WARN_DEPRECATED_OBJC_IMPLEMENTATIONS = YES;
				CLANG_WARN_DIRECT_OBJC_ISA_USAGE = YES_ERROR;
				CLANG_WARN_DOCUMENTATION_COMMENTS = YES;
				CLANG_WARN_EMPTY_BODY = YES;
				CLANG_WARN_ENUM_CONVERSION = YES;
				CLANG_WARN_INFINITE_RECURSION = YES;
				CLANG_WARN_INT_CONVERSION = YES;
				CLANG_WARN_NON_LITERAL_NULL_CONVERSION = YES;
				CLANG_WARN_OBJC_IMPLICIT_RETAIN_SELF = YES;
				CLANG_WARN_OBJC_LITERAL_CONVERSION = YES;
				CLANG_WARN_OBJC_ROOT_CLASS = YES_ERROR;
				CLANG_WARN_QUOTED_INCLUDE_IN_FRAMEWORK_HEADER = YES;
				CLANG_WARN_RANGE_LOOP_ANALYSIS = YES;
				CLANG_WARN_STRICT_PROTOTYPES = YES;
				CLANG_WARN_SUSPICIOUS_MOVE = YES;
				CLANG_WARN_UNGUARDED_AVAILABILITY = YES_AGGRESSIVE;
				CLANG_WARN_UNREACHABLE_CODE = YES;
				CLANG_WARN__DUPLICATE_METHOD_MATCH = YES;
				COPY_PHASE_STRIP = NO;
				DEBUG_INFORMATION_FORMAT = dwarf;
				ENABLE_STRICT_OBJC_MSGSEND = YES;
				ENABLE_TESTABILITY = YES;
				GCC_C_LANGUAGE_STANDARD = gnu11;
				GCC_DYNAMIC_NO_PIC = NO;
				GCC_NO_COMMON_BLOCKS = YES;
				GCC_OPTIMIZATION_LEVEL = 0;
				GCC_PREPROCESSOR_DEFINITIONS = (
					"DEBUG=1",
					"$(inherited)",
				);
				GCC_WARN_64_TO_32_BIT_CONVERSION = YES;
				GCC_WARN_ABOUT_RETURN_TYPE = YES_ERROR;
				GCC_WARN_UNDECLARED_SELECTOR = YES;
				GCC_WARN_UNINITIALIZED_AUTOS = YES_AGGRESSIVE;
				GCC_WARN_UNUSED_FUNCTION = YES;
				GCC_WARN_UNUSED_VARIABLE = YES;
				IPHONEOS_DEPLOYMENT_TARGET = 15.2;
				MTL_ENABLE_DEBUG_INFO = INCLUDE_SOURCE;
				MTL_FAST_MATH = YES;
				ONLY_ACTIVE_ARCH = YES;
				SDKROOT = iphoneos;
				SWIFT_ACTIVE_COMPILATION_CONDITIONS = DEBUG;
				SWIFT_OPTIMIZATION_LEVEL = "-Onone";
			};
			name = Debug;
		};
		CA8D5EAF27AD859900E10384 /* Release */ = {
			isa = XCBuildConfiguration;
			buildSettings = {
				ALWAYS_SEARCH_USER_PATHS = NO;
				CLANG_ANALYZER_NONNULL = YES;
				CLANG_ANALYZER_NUMBER_OBJECT_CONVERSION = YES_AGGRESSIVE;
				CLANG_CXX_LANGUAGE_STANDARD = "gnu++17";
				CLANG_CXX_LIBRARY = "libc++";
				CLANG_ENABLE_MODULES = YES;
				CLANG_ENABLE_OBJC_ARC = YES;
				CLANG_ENABLE_OBJC_WEAK = YES;
				CLANG_WARN_BLOCK_CAPTURE_AUTORELEASING = YES;
				CLANG_WARN_BOOL_CONVERSION = YES;
				CLANG_WARN_COMMA = YES;
				CLANG_WARN_CONSTANT_CONVERSION = YES;
				CLANG_WARN_DEPRECATED_OBJC_IMPLEMENTATIONS = YES;
				CLANG_WARN_DIRECT_OBJC_ISA_USAGE = YES_ERROR;
				CLANG_WARN_DOCUMENTATION_COMMENTS = YES;
				CLANG_WARN_EMPTY_BODY = YES;
				CLANG_WARN_ENUM_CONVERSION = YES;
				CLANG_WARN_INFINITE_RECURSION = YES;
				CLANG_WARN_INT_CONVERSION = YES;
				CLANG_WARN_NON_LITERAL_NULL_CONVERSION = YES;
				CLANG_WARN_OBJC_IMPLICIT_RETAIN_SELF = YES;
				CLANG_WARN_OBJC_LITERAL_CONVERSION = YES;
				CLANG_WARN_OBJC_ROOT_CLASS = YES_ERROR;
				CLANG_WARN_QUOTED_INCLUDE_IN_FRAMEWORK_HEADER = YES;
				CLANG_WARN_RANGE_LOOP_ANALYSIS = YES;
				CLANG_WARN_STRICT_PROTOTYPES = YES;
				CLANG_WARN_SUSPICIOUS_MOVE = YES;
				CLANG_WARN_UNGUARDED_AVAILABILITY = YES_AGGRESSIVE;
				CLANG_WARN_UNREACHABLE_CODE = YES;
				CLANG_WARN__DUPLICATE_METHOD_MATCH = YES;
				COPY_PHASE_STRIP = NO;
				DEBUG_INFORMATION_FORMAT = "dwarf-with-dsym";
				ENABLE_NS_ASSERTIONS = NO;
				ENABLE_STRICT_OBJC_MSGSEND = YES;
				GCC_C_LANGUAGE_STANDARD = gnu11;
				GCC_NO_COMMON_BLOCKS = YES;
				GCC_WARN_64_TO_32_BIT_CONVERSION = YES;
				GCC_WARN_ABOUT_RETURN_TYPE = YES_ERROR;
				GCC_WARN_UNDECLARED_SELECTOR = YES;
				GCC_WARN_UNINITIALIZED_AUTOS = YES_AGGRESSIVE;
				GCC_WARN_UNUSED_FUNCTION = YES;
				GCC_WARN_UNUSED_VARIABLE = YES;
				IPHONEOS_DEPLOYMENT_TARGET = 15.2;
				MTL_ENABLE_DEBUG_INFO = NO;
				MTL_FAST_MATH = YES;
				SDKROOT = iphoneos;
				SWIFT_COMPILATION_MODE = wholemodule;
				SWIFT_OPTIMIZATION_LEVEL = "-O";
				VALIDATE_PRODUCT = YES;
			};
			name = Release;
		};
		CA8D5EB127AD859900E10384 /* Debug */ = {
			isa = XCBuildConfiguration;
			buildSettings = {
				ASSETCATALOG_COMPILER_APPICON_NAME = AppIcon;
				ASSETCATALOG_COMPILER_GLOBAL_ACCENT_COLOR_NAME = AccentColor;
				CODE_SIGN_STYLE = Automatic;
				CURRENT_PROJECT_VERSION = 1;
				DEVELOPMENT_ASSET_PATHS = "\"Scrumdinger/Preview Content\"";
				DEVELOPMENT_TEAM = W8476NSA2M;
				ENABLE_PREVIEWS = YES;
				GENERATE_INFOPLIST_FILE = YES;
				INFOPLIST_KEY_UIApplicationSceneManifest_Generation = YES;
				INFOPLIST_KEY_UIApplicationSupportsIndirectInputEvents = YES;
				INFOPLIST_KEY_UILaunchScreen_Generation = YES;
				INFOPLIST_KEY_UISupportedInterfaceOrientations_iPad = "UIInterfaceOrientationPortrait UIInterfaceOrientationPortraitUpsideDown UIInterfaceOrientationLandscapeLeft UIInterfaceOrientationLandscapeRight";
				INFOPLIST_KEY_UISupportedInterfaceOrientations_iPhone = "UIInterfaceOrientationPortrait UIInterfaceOrientationLandscapeLeft UIInterfaceOrientationLandscapeRight";
				LD_RUNPATH_SEARCH_PATHS = (
					"$(inherited)",
					"@executable_path/Frameworks",
				);
				MARKETING_VERSION = 1.0;
				PRODUCT_BUNDLE_IDENTIFIER = dev.krgm4d.Scrumdinger;
				PRODUCT_NAME = "$(TARGET_NAME)";
				SWIFT_EMIT_LOC_STRINGS = YES;
				SWIFT_VERSION = 5.0;
				TARGETED_DEVICE_FAMILY = "1,2";
			};
			name = Debug;
		};
		CA8D5EB227AD859900E10384 /* Release */ = {
			isa = XCBuildConfiguration;
			buildSettings = {
				ASSETCATALOG_COMPILER_APPICON_NAME = AppIcon;
				ASSETCATALOG_COMPILER_GLOBAL_ACCENT_COLOR_NAME = AccentColor;
				CODE_SIGN_STYLE = Automatic;
				CURRENT_PROJECT_VERSION = 1;
				DEVELOPMENT_ASSET_PATHS = "\"Scrumdinger/Preview Content\"";
				DEVELOPMENT_TEAM = W8476NSA2M;
				ENABLE_PREVIEWS = YES;
				GENERATE_INFOPLIST_FILE = YES;
				INFOPLIST_KEY_UIApplicationSceneManifest_Generation = YES;
				INFOPLIST_KEY_UIApplicationSupportsIndirectInputEvents = YES;
				INFOPLIST_KEY_UILaunchScreen_Generation = YES;
				INFOPLIST_KEY_UISupportedInterfaceOrientations_iPad = "UIInterfaceOrientationPortrait UIInterfaceOrientationPortraitUpsideDown UIInterfaceOrientationLandscapeLeft UIInterfaceOrientationLandscapeRight";
				INFOPLIST_KEY_UISupportedInterfaceOrientations_iPhone = "UIInterfaceOrientationPortrait UIInterfaceOrientationLandscapeLeft UIInterfaceOrientationLandscapeRight";
				LD_RUNPATH_SEARCH_PATHS = (
					"$(inherited)",
					"@executable_path/Frameworks",
				);
				MARKETING_VERSION = 1.0;
				PRODUCT_BUNDLE_IDENTIFIER = dev.krgm4d.Scrumdinger;
				PRODUCT_NAME = "$(TARGET_NAME)";
				SWIFT_EMIT_LOC_STRINGS = YES;
				SWIFT_VERSION = 5.0;
				TARGETED_DEVICE_FAMILY = "1,2";
			};
			name = Release;
		};
/* End XCBuildConfiguration section */

/* Begin XCConfigurationList section */
		CA8D5E9D27AD859800E10384 /* Build configuration list for PBXProject "Scrumdinger" */ = {
			isa = XCConfigurationList;
			buildConfigurations = (
				CA8D5EAE27AD859900E10384 /* Debug */,
				CA8D5EAF27AD859900E10384 /* Release */,
			);
			defaultConfigurationIsVisible = 0;
			defaultConfigurationName = Release;
		};
		CA8D5EB027AD859900E10384 /* Build configuration list for PBXNativeTarget "Scrumdinger" */ = {
			isa = XCConfigurationList;
			buildConfigurations = (
				CA8D5EB127AD859900E10384 /* Debug */,
				CA8D5EB227AD859900E10384 /* Release */,
			);
			defaultConfigurationIsVisible = 0;
			defaultConfigurationName = Release;
		};
/* End XCConfigurationList section */
	};
	rootObject = CA8D5E9A27AD859800E10384 /* Project object */;
}
